
Microsoft Visual Studio Solution File, Format Version 12.00
Project("{FAE04EC0-301F-11D3-BF4B-00C04F79EFBC}") = "NotifierForWebsocket", "NotifierForWebsocket.csproj", "{6E0753E0-FDF6-4141-89E0-5BB383F147F2}"
EndProject
Global
	GlobalSection(SolutionConfigurationPlatforms) = preSolution
		Debug|Any CPU = Debug|Any CPU
		Release|Any CPU = Release|Any CPU
	EndGlobalSection
	GlobalSection(ProjectConfigurationPlatforms) = postSolution
		{6E0753E0-FDF6-4141-89E0-5BB383F147F2}.Debug|Any CPU.ActiveCfg = Debug|Any CPU
		{6E0753E0-FDF6-4141-89E0-5BB383F147F2}.Debug|Any CPU.Build.0 = Debug|Any CPU
		{6E0753E0-FDF6-4141-89E0-5BB383F147F2}.Release|Any CPU.ActiveCfg = Release|Any CPU
		{6E0753E0-FDF6-4141-89E0-5BB383F147F2}.Release|Any CPU.Build.0 = Release|Any CPU
	EndGlobalSection
EndGlobal
